
Microsoft Visual Studio Solution File, Format Version 12.00
# Visual Studio Version 16
VisualStudioVersion = 16.0.33423.256
MinimumVisualStudioVersion = 10.0.40219.1
Project("{FAE04EC0-301F-11D3-BF4B-00C04F79EFBC}") = "application", "application\application.csproj", "{F1E7CDB0-97ED-44A4-B155-888CA14B5345}"
EndProject
Global
	GlobalSection(SolutionConfigurationPlatforms) = preSolution
		Debug|Any CPU = Debug|Any CPU
		Release|Any CPU = Release|Any CPU
	EndGlobalSection
	GlobalSection(ProjectConfigurationPlatforms) = postSolution
		{F1E7CDB0-97ED-44A4-B155-888CA14B5345}.Debug|Any CPU.ActiveCfg = Debug|Any CPU
		{F1E7CDB0-97ED-44A4-B155-888CA14B5345}.Debug|Any CPU.Build.0 = Debug|Any CPU
		{F1E7CDB0-97ED-44A4-B155-888CA14B5345}.Release|Any CPU.ActiveCfg = Release|Any CPU
		{F1E7CDB0-97ED-44A4-B155-888CA14B5345}.Release|Any CPU.Build.0 = Release|Any CPU
	EndGlobalSection
	GlobalSection(SolutionProperties) = preSolution
		HideSolutionNode = FALSE
	EndGlobalSection
	GlobalSection(ExtensibilityGlobals) = postSolution
		SolutionGuid = {7AF892F9-986D-455E-9D67-A4B00D93B945}
	EndGlobalSection
EndGlobal
