
Microsoft Visual Studio Solution File, Format Version 12.00
# Visual Studio Version 17
VisualStudioVersion = 17.5.33516.290
MinimumVisualStudioVersion = 10.0.40219.1
Project("{FAE04EC0-301F-11D3-BF4B-00C04F79EFBC}") = "Self-Asessment-task", "Self-Asessment-task.csproj", "{60FF45AA-A557-497A-ABD4-DD500602847C}"
EndProject
Global
	GlobalSection(SolutionConfigurationPlatforms) = preSolution
		Debug|Any CPU = Debug|Any CPU
		Release|Any CPU = Release|Any CPU
	EndGlobalSection
	GlobalSection(ProjectConfigurationPlatforms) = postSolution
		{60FF45AA-A557-497A-ABD4-DD500602847C}.Debug|Any CPU.ActiveCfg = Debug|Any CPU
		{60FF45AA-A557-497A-ABD4-DD500602847C}.Debug|Any CPU.Build.0 = Debug|Any CPU
		{60FF45AA-A557-497A-ABD4-DD500602847C}.Release|Any CPU.ActiveCfg = Release|Any CPU
		{60FF45AA-A557-497A-ABD4-DD500602847C}.Release|Any CPU.Build.0 = Release|Any CPU
	EndGlobalSection
	GlobalSection(SolutionProperties) = preSolution
		HideSolutionNode = FALSE
	EndGlobalSection
	GlobalSection(ExtensibilityGlobals) = postSolution
		SolutionGuid = {900874BE-E407-45F7-BC65-6939A7C385F8}
	EndGlobalSection
EndGlobal
