
Microsoft Visual Studio Solution File, Format Version 12.00
# Visual Studio Version 16
VisualStudioVersion = 16.0.33529.622
MinimumVisualStudioVersion = 10.0.40219.1
Project("{FAE04EC0-301F-11D3-BF4B-00C04F79EFBC}") = "Lab 4 UAMS", "Lab 4 UAMS.csproj", "{5F25C2D5-062C-46A5-932C-85FF9282D40A}"
EndProject
Global
	GlobalSection(SolutionConfigurationPlatforms) = preSolution
		Debug|Any CPU = Debug|Any CPU
		Release|Any CPU = Release|Any CPU
	EndGlobalSection
	GlobalSection(ProjectConfigurationPlatforms) = postSolution
		{5F25C2D5-062C-46A5-932C-85FF9282D40A}.Debug|Any CPU.ActiveCfg = Debug|Any CPU
		{5F25C2D5-062C-46A5-932C-85FF9282D40A}.Debug|Any CPU.Build.0 = Debug|Any CPU
		{5F25C2D5-062C-46A5-932C-85FF9282D40A}.Release|Any CPU.ActiveCfg = Release|Any CPU
		{5F25C2D5-062C-46A5-932C-85FF9282D40A}.Release|Any CPU.Build.0 = Release|Any CPU
	EndGlobalSection
	GlobalSection(SolutionProperties) = preSolution
		HideSolutionNode = FALSE
	EndGlobalSection
	GlobalSection(ExtensibilityGlobals) = postSolution
		SolutionGuid = {85258198-A78C-43D4-8C3F-86AC0F5E858F}
	EndGlobalSection
EndGlobal
