
Microsoft Visual Studio Solution File, Format Version 12.00
# Visual Studio Version 17
VisualStudioVersion = 17.5.33516.290
MinimumVisualStudioVersion = 10.0.40219.1
Project("{FAE04EC0-301F-11D3-BF4B-00C04F79EFBC}") = "Problem_3", "Problem_3.csproj", "{ECB48512-52A7-44CB-8755-6AD23288213A}"
EndProject
Global
	GlobalSection(SolutionConfigurationPlatforms) = preSolution
		Debug|Any CPU = Debug|Any CPU
		Release|Any CPU = Release|Any CPU
	EndGlobalSection
	GlobalSection(ProjectConfigurationPlatforms) = postSolution
		{ECB48512-52A7-44CB-8755-6AD23288213A}.Debug|Any CPU.ActiveCfg = Debug|Any CPU
		{ECB48512-52A7-44CB-8755-6AD23288213A}.Debug|Any CPU.Build.0 = Debug|Any CPU
		{ECB48512-52A7-44CB-8755-6AD23288213A}.Release|Any CPU.ActiveCfg = Release|Any CPU
		{ECB48512-52A7-44CB-8755-6AD23288213A}.Release|Any CPU.Build.0 = Release|Any CPU
	EndGlobalSection
	GlobalSection(SolutionProperties) = preSolution
		HideSolutionNode = FALSE
	EndGlobalSection
	GlobalSection(ExtensibilityGlobals) = postSolution
		SolutionGuid = {0CFB9C17-3737-442D-91F4-E43F7E1B09E3}
	EndGlobalSection
EndGlobal
